Microsoft Visual Studio Solution File, Format Version 12.00
# Visual Studio Version 17
VisualStudioVersion = 17.5.2.0
MinimumVisualStudioVersion = 10.0.40219.1
Project("{2150E333-8FDC-42A3-9474-1A3956D46DE8}") = "src", "src", "{827E0CD3-B72D-47B6-A68D-7590B98EB39B}"
EndProject
Project("{FAE04EC0-301F-11D3-BF4B-00C04F79EFBC}") = "MinimalApi.Api", "src\MinimalApi.Api\MinimalApi.Api.csproj", "{77747326-8374-444E-9848-351064066124}"
EndProject
Project("{FAE04EC0-301F-11D3-BF4B-00C04F79EFBC}") = "MinimalApi.Domain", "src\MinimalApi.Domain\MinimalApi.Domain.csproj", "{B021778D-D968-4678-92EC-D8C4435995C8}"
EndProject
Project("{FAE04EC0-301F-11D3-BF4B-00C04F79EFBC}") = "MinimalApi.Application", "src\MinimalApi.Application\MinimalApi.Application.csproj", "{5ECBEDBF-5D1B-4C7B-8BCF-09DE9EF9C6CD}"
EndProject
Project("{FAE04EC0-301F-11D3-BF4B-00C04F79EFBC}") = "MinimalApi.Infrastructure", "src\MinimalApi.Infrastructure\MinimalApi.Infrastructure.csproj", "{C5211A25-998D-438A-B4CA-115FEC15BBEF}"
EndProject
Project("{2150E333-8FDC-42A3-9474-1A3956D46DE8}") = "tests", "tests", "{0AB3BF05-4346-4AA6-1389-037BE0695223}"
EndProject
Project("{FAE04EC0-301F-11D3-BF4B-00C04F79EFBC}") = "MinimalApi.Tests", "tests\MinimalApi.Tests\MinimalApi.Tests.csproj", "{CDAFEF0F-6994-4932-B162-4FF879885D5C}"
EndProject
Global
	GlobalSection(SolutionConfigurationPlatforms) = preSolution
		Debug|Any CPU = Debug|Any CPU
		Release|Any CPU = Release|Any CPU
	EndGlobalSection
	GlobalSection(ProjectConfigurationPlatforms) = postSolution
		{77747326-8374-444E-9848-351064066124}.Debug|Any CPU.ActiveCfg = Debug|Any CPU
		{77747326-8374-444E-9848-351064066124}.Debug|Any CPU.Build.0 = Debug|Any CPU
		{77747326-8374-444E-9848-351064066124}.Release|Any CPU.ActiveCfg = Release|Any CPU
		{77747326-8374-444E-9848-351064066124}.Release|Any CPU.Build.0 = Release|Any CPU
		{B021778D-D968-4678-92EC-D8C4435995C8}.Debug|Any CPU.ActiveCfg = Debug|Any CPU
		{B021778D-D968-4678-92EC-D8C4435995C8}.Debug|Any CPU.Build.0 = Debug|Any CPU
		{B021778D-D968-4678-92EC-D8C4435995C8}.Release|Any CPU.ActiveCfg = Release|Any CPU
		{B021778D-D968-4678-92EC-D8C4435995C8}.Release|Any CPU.Build.0 = Release|Any CPU
		{5ECBEDBF-5D1B-4C7B-8BCF-09DE9EF9C6CD}.Debug|Any CPU.ActiveCfg = Debug|Any CPU
		{5ECBEDBF-5D1B-4C7B-8BCF-09DE9EF9C6CD}.Debug|Any CPU.Build.0 = Debug|Any CPU
		{5ECBEDBF-5D1B-4C7B-8BCF-09DE9EF9C6CD}.Release|Any CPU.ActiveCfg = Release|Any CPU
		{5ECBEDBF-5D1B-4C7B-8BCF-09DE9EF9C6CD}.Release|Any CPU.Build.0 = Release|Any CPU
		{C5211A25-998D-438A-B4CA-115FEC15BBEF}.Debug|Any CPU.ActiveCfg = Debug|Any CPU
		{C5211A25-998D-438A-B4CA-115FEC15BBEF}.Debug|Any CPU.Build.0 = Debug|Any CPU
		{C5211A25-998D-438A-B4CA-115FEC15BBEF}.Release|Any CPU.ActiveCfg = Release|Any CPU
		{C5211A25-998D-438A-B4CA-115FEC15BBEF}.Release|Any CPU.Build.0 = Release|Any CPU
		{CDAFEF0F-6994-4932-B162-4FF879885D5C}.Debug|Any CPU.ActiveCfg = Debug|Any CPU
		{CDAFEF0F-6994-4932-B162-4FF879885D5C}.Debug|Any CPU.Build.0 = Debug|Any CPU
		{CDAFEF0F-6994-4932-B162-4FF879885D5C}.Release|Any CPU.ActiveCfg = Release|Any CPU
		{CDAFEF0F-6994-4932-B162-4FF879885D5C}.Release|Any CPU.Build.0 = Release|Any CPU
	EndGlobalSection
	GlobalSection(SolutionProperties) = preSolution
		HideSolutionNode = FALSE
	EndGlobalSection
	GlobalSection(NestedProjects) = preSolution
		{77747326-8374-444E-9848-351064066124} = {827E0CD3-B72D-47B6-A68D-7590B98EB39B}
		{B021778D-D968-4678-92EC-D8C4435995C8} = {827E0CD3-B72D-47B6-A68D-7590B98EB39B}
		{5ECBEDBF-5D1B-4C7B-8BCF-09DE9EF9C6CD} = {827E0CD3-B72D-47B6-A68D-7590B98EB39B}
		{C5211A25-998D-438A-B4CA-115FEC15BBEF} = {827E0CD3-B72D-47B6-A68D-7590B98EB39B}
		{CDAFEF0F-6994-4932-B162-4FF879885D5C} = {0AB3BF05-4346-4AA6-1389-037BE0695223}
	EndGlobalSection
	GlobalSection(ExtensibilityGlobals) = postSolution
		SolutionGuid = {3F89FD4E-474B-4C76-B7E9-774D223013A9}
	EndGlobalSection
EndGlobal
